
Microsoft Visual Studio Solution File, Format Version 12.00
# Visual Studio Version 17
VisualStudioVersion = 17.0.31903.59
MinimumVisualStudioVersion = 10.0.40219.1
Project("{2150E333-8FDC-42A3-9474-1A3956D46DE8}") = "src", "src", "{12A54AC6-6B7C-4ADA-A761-0AC7EA9B4A4C}"
EndProject
Project("{FAE04EC0-301F-11D3-BF4B-00C04F79EFBC}") = "AuctionService", "src\AuctionService\AuctionService.csproj", "{DE78F8F0-2C94-4BEB-9C75-E1DE000BA38E}"
EndProject
Project("{FAE04EC0-301F-11D3-BF4B-00C04F79EFBC}") = "SearchService", "src\SearchService\SearchService.csproj", "{8C097450-7F42-426A-BE8C-B3C1CA32D253}"
EndProject
Project("{FAE04EC0-301F-11D3-BF4B-00C04F79EFBC}") = "Contracts", "src\Contracts\Contracts.csproj", "{DBCF9C74-5770-4326-8D95-AFAED8CF8B6B}"
EndProject
Project("{FAE04EC0-301F-11D3-BF4B-00C04F79EFBC}") = "IdentityService", "src\IdentityService\IdentityService.csproj", "{B7762E5F-0348-49AB-8424-ABDB53A8B8DA}"
EndProject
Project("{FAE04EC0-301F-11D3-BF4B-00C04F79EFBC}") = "GatewayService", "src\GatewayService\GatewayService.csproj", "{42BAA6CA-E088-4F6E-91CA-92957DD3AAC3}"
EndProject
Project("{2150E333-8FDC-42A3-9474-1A3956D46DE8}") = "tests", "tests", "{6BD8CD8E-387E-4602-ADAB-B1B4C1B12DBD}"
EndProject
Project("{FAE04EC0-301F-11D3-BF4B-00C04F79EFBC}") = "AuctionService.UnitTests", "tests\AuctionService.UnitTests\AuctionService.UnitTests.csproj", "{010A3F2C-2742-40E6-AB27-DFECCB1BA3DD}"
EndProject
Global
	GlobalSection(SolutionConfigurationPlatforms) = preSolution
		Debug|Any CPU = Debug|Any CPU
		Release|Any CPU = Release|Any CPU
	EndGlobalSection
	GlobalSection(SolutionProperties) = preSolution
		HideSolutionNode = FALSE
	EndGlobalSection
	GlobalSection(ProjectConfigurationPlatforms) = postSolution
		{DE78F8F0-2C94-4BEB-9C75-E1DE000BA38E}.Debug|Any CPU.ActiveCfg = Debug|Any CPU
		{DE78F8F0-2C94-4BEB-9C75-E1DE000BA38E}.Debug|Any CPU.Build.0 = Debug|Any CPU
		{DE78F8F0-2C94-4BEB-9C75-E1DE000BA38E}.Release|Any CPU.ActiveCfg = Release|Any CPU
		{DE78F8F0-2C94-4BEB-9C75-E1DE000BA38E}.Release|Any CPU.Build.0 = Release|Any CPU
		{8C097450-7F42-426A-BE8C-B3C1CA32D253}.Debug|Any CPU.ActiveCfg = Debug|Any CPU
		{8C097450-7F42-426A-BE8C-B3C1CA32D253}.Debug|Any CPU.Build.0 = Debug|Any CPU
		{8C097450-7F42-426A-BE8C-B3C1CA32D253}.Release|Any CPU.ActiveCfg = Release|Any CPU
		{8C097450-7F42-426A-BE8C-B3C1CA32D253}.Release|Any CPU.Build.0 = Release|Any CPU
		{DBCF9C74-5770-4326-8D95-AFAED8CF8B6B}.Debug|Any CPU.ActiveCfg = Debug|Any CPU
		{DBCF9C74-5770-4326-8D95-AFAED8CF8B6B}.Debug|Any CPU.Build.0 = Debug|Any CPU
		{DBCF9C74-5770-4326-8D95-AFAED8CF8B6B}.Release|Any CPU.ActiveCfg = Release|Any CPU
		{DBCF9C74-5770-4326-8D95-AFAED8CF8B6B}.Release|Any CPU.Build.0 = Release|Any CPU
		{B7762E5F-0348-49AB-8424-ABDB53A8B8DA}.Debug|Any CPU.ActiveCfg = Debug|Any CPU
		{B7762E5F-0348-49AB-8424-ABDB53A8B8DA}.Debug|Any CPU.Build.0 = Debug|Any CPU
		{B7762E5F-0348-49AB-8424-ABDB53A8B8DA}.Release|Any CPU.ActiveCfg = Release|Any CPU
		{B7762E5F-0348-49AB-8424-ABDB53A8B8DA}.Release|Any CPU.Build.0 = Release|Any CPU
		{42BAA6CA-E088-4F6E-91CA-92957DD3AAC3}.Debug|Any CPU.ActiveCfg = Debug|Any CPU
		{42BAA6CA-E088-4F6E-91CA-92957DD3AAC3}.Debug|Any CPU.Build.0 = Debug|Any CPU
		{42BAA6CA-E088-4F6E-91CA-92957DD3AAC3}.Release|Any CPU.ActiveCfg = Release|Any CPU
		{42BAA6CA-E088-4F6E-91CA-92957DD3AAC3}.Release|Any CPU.Build.0 = Release|Any CPU
		{010A3F2C-2742-40E6-AB27-DFECCB1BA3DD}.Debug|Any CPU.ActiveCfg = Debug|Any CPU
		{010A3F2C-2742-40E6-AB27-DFECCB1BA3DD}.Debug|Any CPU.Build.0 = Debug|Any CPU
		{010A3F2C-2742-40E6-AB27-DFECCB1BA3DD}.Release|Any CPU.ActiveCfg = Release|Any CPU
		{010A3F2C-2742-40E6-AB27-DFECCB1BA3DD}.Release|Any CPU.Build.0 = Release|Any CPU
	EndGlobalSection
	GlobalSection(NestedProjects) = preSolution
		{DE78F8F0-2C94-4BEB-9C75-E1DE000BA38E} = {12A54AC6-6B7C-4ADA-A761-0AC7EA9B4A4C}
		{8C097450-7F42-426A-BE8C-B3C1CA32D253} = {12A54AC6-6B7C-4ADA-A761-0AC7EA9B4A4C}
		{DBCF9C74-5770-4326-8D95-AFAED8CF8B6B} = {12A54AC6-6B7C-4ADA-A761-0AC7EA9B4A4C}
		{B7762E5F-0348-49AB-8424-ABDB53A8B8DA} = {12A54AC6-6B7C-4ADA-A761-0AC7EA9B4A4C}
		{42BAA6CA-E088-4F6E-91CA-92957DD3AAC3} = {12A54AC6-6B7C-4ADA-A761-0AC7EA9B4A4C}
		{010A3F2C-2742-40E6-AB27-DFECCB1BA3DD} = {6BD8CD8E-387E-4602-ADAB-B1B4C1B12DBD}
	EndGlobalSection
EndGlobal
